
Microsoft Visual Studio Solution File, Format Version 12.00
# Visual Studio Version 16
VisualStudioVersion = 16.0.29905.134
MinimumVisualStudioVersion = 10.0.40219.1
Project("{FAE04EC0-301F-11D3-BF4B-00C04F79EFBC}") = "KreditPlus", "KreditPlus\KreditPlus.csproj", "{1777AFBC-0814-41AD-8CE5-500925D25D5E}"
EndProject
Global
	GlobalSection(SolutionConfigurationPlatforms) = preSolution
		Debug|Any CPU = Debug|Any CPU
		Release|Any CPU = Release|Any CPU
	EndGlobalSection
	GlobalSection(ProjectConfigurationPlatforms) = postSolution
		{1777AFBC-0814-41AD-8CE5-500925D25D5E}.Debug|Any CPU.ActiveCfg = Debug|Any CPU
		{1777AFBC-0814-41AD-8CE5-500925D25D5E}.Debug|Any CPU.Build.0 = Debug|Any CPU
		{1777AFBC-0814-41AD-8CE5-500925D25D5E}.Release|Any CPU.ActiveCfg = Release|Any CPU
		{1777AFBC-0814-41AD-8CE5-500925D25D5E}.Release|Any CPU.Build.0 = Release|Any CPU
	EndGlobalSection
	GlobalSection(SolutionProperties) = preSolution
		HideSolutionNode = FALSE
	EndGlobalSection
	GlobalSection(ExtensibilityGlobals) = postSolution
		SolutionGuid = {EC067606-3F77-4A63-8D0B-C02989834301}
	EndGlobalSection
EndGlobal
